{
  "version": 4,
  "terraform_version": "0.12.8",
  "serial": 14,
  "lineage": "c87d3d36-8c5b-0133-4666-eed8c1a8cb4c",
  "outputs": {
    "test": {
      "value": [
        {
          "account_id": "gke-sa",
          "role": "logging.logWriter"
        },
        {
          "account_id": "gke-sa",
          "role": "monitoring.metricWriter"
        },
        {
          "account_id": "gke-sa",
          "role": "monitoring.viewer"
        },
        {
          "account_id": "gke-sa",
          "role": "stackdriver.resourceMetadata.writer"
        },
        {
          "account_id": "gke-sa",
          "role": "storage.objectViewer"
        },
        {
          "account_id": "kfp-sa",
          "role": "storage.admin"
        },
        {
          "account_id": "kfp-sa",
          "role": "bigquery.admin"
        },
        {
          "account_id": "kfp-sa",
          "role": "automl.admin"
        },
        {
          "account_id": "kfp-sa",
          "role": "automl.predictor"
        },
        {
          "account_id": "kfp-sa",
          "role": "ml.admin"
        },
        {
          "account_id": "kfp-sa",
          "role": "dataflow.admin"
        }
      ],
      "type": [
        "tuple",
        [
          [
            "object",
            {
              "account_id": "string",
              "role": "string"
            }
          ],
          [
            "object",
            {
              "account_id": "string",
              "role": "string"
            }
          ],
          [
            "object",
            {
              "account_id": "string",
              "role": "string"
            }
          ],
          [
            "object",
            {
              "account_id": "string",
              "role": "string"
            }
          ],
          [
            "object",
            {
              "account_id": "string",
              "role": "string"
            }
          ],
          [
            "object",
            {
              "account_id": "string",
              "role": "string"
            }
          ],
          [
            "object",
            {
              "account_id": "string",
              "role": "string"
            }
          ],
          [
            "object",
            {
              "account_id": "string",
              "role": "string"
            }
          ],
          [
            "object",
            {
              "account_id": "string",
              "role": "string"
            }
          ],
          [
            "object",
            {
              "account_id": "string",
              "role": "string"
            }
          ],
          [
            "object",
            {
              "account_id": "string",
              "role": "string"
            }
          ]
        ]
      ]
    }
  },
  "resources": [
    {
      "module": "module.service_accounts",
      "mode": "managed",
      "type": "google_service_account",
      "name": "service_account",
      "each": "list",
      "provider": "provider.google",
      "instances": [
        {
          "index_key": 0,
          "schema_version": 0,
          "attributes": {
            "account_id": "gke-sa",
            "display_name": "The cluster service account",
            "email": "gke-sa@jk-demo1.iam.gserviceaccount.com",
            "id": "projects/jk-demo1/serviceAccounts/gke-sa@jk-demo1.iam.gserviceaccount.com",
            "name": "projects/jk-demo1/serviceAccounts/gke-sa@jk-demo1.iam.gserviceaccount.com",
            "policy_data": null,
            "project": "jk-demo1",
            "unique_id": "117178415166367545806"
          },
          "private": "bnVsbA=="
        },
        {
          "index_key": 1,
          "schema_version": 0,
          "attributes": {
            "account_id": "kfp-sa",
            "display_name": "The KFP service account",
            "email": "kfp-sa@jk-demo1.iam.gserviceaccount.com",
            "id": "projects/jk-demo1/serviceAccounts/kfp-sa@jk-demo1.iam.gserviceaccount.com",
            "name": "projects/jk-demo1/serviceAccounts/kfp-sa@jk-demo1.iam.gserviceaccount.com",
            "policy_data": null,
            "project": "jk-demo1",
            "unique_id": "114538211107028208823"
          },
          "private": "bnVsbA=="
        }
      ]
    }
  ]
}
