{
  "version": 4,
  "terraform_version": "0.12.8",
  "serial": 119,
  "lineage": "d75ec4b3-fd47-366a-5d23-52a89e6c5fa4",
  "outputs": {
    "test2": {
      "value": {
        "gke-sa@jk-demo1.iam.gserviceaccount.com~roles/logging.logWriter": {
          "etag": "BwWSTyHwyxY=",
          "id": "jk-demo1/roles/logging.logWriter/serviceaccount:gke-sa@jk-demo1.iam.gserviceaccount.com",
          "member": "serviceAccount:gke-sa@jk-demo1.iam.gserviceaccount.com",
          "project": null,
          "role": "roles/logging.logWriter"
        },
        "gke-sa@jk-demo1.iam.gserviceaccount.com~roles/monitoring.metricWriter": {
          "etag": "BwWSTyHwyxY=",
          "id": "jk-demo1/roles/monitoring.metricWriter/serviceaccount:gke-sa@jk-demo1.iam.gserviceaccount.com",
          "member": "serviceAccount:gke-sa@jk-demo1.iam.gserviceaccount.com",
          "project": null,
          "role": "roles/monitoring.metricWriter"
        },
        "gke-sa@jk-demo1.iam.gserviceaccount.com~roles/monitoring.viewer": {
          "etag": "BwWSTyHwyxY=",
          "id": "jk-demo1/roles/monitoring.viewer/serviceaccount:gke-sa@jk-demo1.iam.gserviceaccount.com",
          "member": "serviceAccount:gke-sa@jk-demo1.iam.gserviceaccount.com",
          "project": null,
          "role": "roles/monitoring.viewer"
        },
        "gke-sa@jk-demo1.iam.gserviceaccount.com~roles/stackdriver.resourceMetadata.writer": {
          "etag": "BwWSTyHwyxY=",
          "id": "jk-demo1/roles/stackdriver.resourceMetadata.writer/serviceaccount:gke-sa@jk-demo1.iam.gserviceaccount.com",
          "member": "serviceAccount:gke-sa@jk-demo1.iam.gserviceaccount.com",
          "project": null,
          "role": "roles/stackdriver.resourceMetadata.writer"
        },
        "gke-sa@jk-demo1.iam.gserviceaccount.com~roles/storage.objectViewer": {
          "etag": "BwWSTyHwyxY=",
          "id": "jk-demo1/roles/storage.objectViewer/serviceaccount:gke-sa@jk-demo1.iam.gserviceaccount.com",
          "member": "serviceAccount:gke-sa@jk-demo1.iam.gserviceaccount.com",
          "project": null,
          "role": "roles/storage.objectViewer"
        },
        "kfp-sa@jk-demo1.iam.gserviceaccount.com~roles/automl.admin": {
          "etag": "BwWSTyHwyxY=",
          "id": "jk-demo1/roles/automl.admin/serviceaccount:kfp-sa@jk-demo1.iam.gserviceaccount.com",
          "member": "serviceAccount:kfp-sa@jk-demo1.iam.gserviceaccount.com",
          "project": null,
          "role": "roles/automl.admin"
        },
        "kfp-sa@jk-demo1.iam.gserviceaccount.com~roles/automl.predictor": {
          "etag": "BwWSTyHwyxY=",
          "id": "jk-demo1/roles/automl.predictor/serviceaccount:kfp-sa@jk-demo1.iam.gserviceaccount.com",
          "member": "serviceAccount:kfp-sa@jk-demo1.iam.gserviceaccount.com",
          "project": null,
          "role": "roles/automl.predictor"
        },
        "kfp-sa@jk-demo1.iam.gserviceaccount.com~roles/bigquery.admin": {
          "etag": "BwWSTyHwyxY=",
          "id": "jk-demo1/roles/bigquery.admin/serviceaccount:kfp-sa@jk-demo1.iam.gserviceaccount.com",
          "member": "serviceAccount:kfp-sa@jk-demo1.iam.gserviceaccount.com",
          "project": null,
          "role": "roles/bigquery.admin"
        },
        "kfp-sa@jk-demo1.iam.gserviceaccount.com~roles/dataflow.admin": {
          "etag": "BwWSTyHwyxY=",
          "id": "jk-demo1/roles/dataflow.admin/serviceaccount:kfp-sa@jk-demo1.iam.gserviceaccount.com",
          "member": "serviceAccount:kfp-sa@jk-demo1.iam.gserviceaccount.com",
          "project": null,
          "role": "roles/dataflow.admin"
        },
        "kfp-sa@jk-demo1.iam.gserviceaccount.com~roles/ml.admin": {
          "etag": "BwWSTyHwyxY=",
          "id": "jk-demo1/roles/ml.admin/serviceaccount:kfp-sa@jk-demo1.iam.gserviceaccount.com",
          "member": "serviceAccount:kfp-sa@jk-demo1.iam.gserviceaccount.com",
          "project": null,
          "role": "roles/ml.admin"
        },
        "kfp-sa@jk-demo1.iam.gserviceaccount.com~roles/storage.admin": {
          "etag": "BwWSTyLda0M=",
          "id": "jk-demo1/roles/storage.admin/serviceaccount:kfp-sa@jk-demo1.iam.gserviceaccount.com",
          "member": "serviceAccount:kfp-sa@jk-demo1.iam.gserviceaccount.com",
          "project": null,
          "role": "roles/storage.admin"
        }
      },
      "type": [
        "object",
        {
          "gke-sa@jk-demo1.iam.gserviceaccount.com~roles/logging.logWriter": [
            "object",
            {
              "etag": "string",
              "id": "string",
              "member": "string",
              "project": "string",
              "role": "string"
            }
          ],
          "gke-sa@jk-demo1.iam.gserviceaccount.com~roles/monitoring.metricWriter": [
            "object",
            {
              "etag": "string",
              "id": "string",
              "member": "string",
              "project": "string",
              "role": "string"
            }
          ],
          "gke-sa@jk-demo1.iam.gserviceaccount.com~roles/monitoring.viewer": [
            "object",
            {
              "etag": "string",
              "id": "string",
              "member": "string",
              "project": "string",
              "role": "string"
            }
          ],
          "gke-sa@jk-demo1.iam.gserviceaccount.com~roles/stackdriver.resourceMetadata.writer": [
            "object",
            {
              "etag": "string",
              "id": "string",
              "member": "string",
              "project": "string",
              "role": "string"
            }
          ],
          "gke-sa@jk-demo1.iam.gserviceaccount.com~roles/storage.objectViewer": [
            "object",
            {
              "etag": "string",
              "id": "string",
              "member": "string",
              "project": "string",
              "role": "string"
            }
          ],
          "kfp-sa@jk-demo1.iam.gserviceaccount.com~roles/automl.admin": [
            "object",
            {
              "etag": "string",
              "id": "string",
              "member": "string",
              "project": "string",
              "role": "string"
            }
          ],
          "kfp-sa@jk-demo1.iam.gserviceaccount.com~roles/automl.predictor": [
            "object",
            {
              "etag": "string",
              "id": "string",
              "member": "string",
              "project": "string",
              "role": "string"
            }
          ],
          "kfp-sa@jk-demo1.iam.gserviceaccount.com~roles/bigquery.admin": [
            "object",
            {
              "etag": "string",
              "id": "string",
              "member": "string",
              "project": "string",
              "role": "string"
            }
          ],
          "kfp-sa@jk-demo1.iam.gserviceaccount.com~roles/dataflow.admin": [
            "object",
            {
              "etag": "string",
              "id": "string",
              "member": "string",
              "project": "string",
              "role": "string"
            }
          ],
          "kfp-sa@jk-demo1.iam.gserviceaccount.com~roles/ml.admin": [
            "object",
            {
              "etag": "string",
              "id": "string",
              "member": "string",
              "project": "string",
              "role": "string"
            }
          ],
          "kfp-sa@jk-demo1.iam.gserviceaccount.com~roles/storage.admin": [
            "object",
            {
              "etag": "string",
              "id": "string",
              "member": "string",
              "project": "string",
              "role": "string"
            }
          ]
        }
      ]
    }
  },
  "resources": [
    {
      "mode": "data",
      "type": "google_project",
      "name": "project",
      "provider": "provider.google",
      "instances": [
        {
          "schema_version": 0,
          "attributes": {
            "app_engine": [],
            "auto_create_network": null,
            "billing_account": "010FB8-631655-447437",
            "folder_id": "",
            "id": "jk-demo1",
            "labels": {},
            "name": "jk-demo1",
            "number": "826865698127",
            "org_id": "528679603537",
            "policy_data": null,
            "policy_etag": null,
            "project_id": "jk-demo1",
            "skip_delete": null
          }
        }
      ]
    },
    {
      "mode": "managed",
      "type": "google_project_iam_member",
      "name": "role_binding",
      "each": "map",
      "provider": "provider.google",
      "instances": [
        {
          "index_key": "gke-sa@jk-demo1.iam.gserviceaccount.com~roles/logging.logWriter",
          "schema_version": 0,
          "attributes": {
            "etag": "BwWSTyHwyxY=",
            "id": "jk-demo1/roles/logging.logWriter/serviceaccount:gke-sa@jk-demo1.iam.gserviceaccount.com",
            "member": "serviceAccount:gke-sa@jk-demo1.iam.gserviceaccount.com",
            "project": null,
            "role": "roles/logging.logWriter"
          },
          "private": "bnVsbA=="
        },
        {
          "index_key": "gke-sa@jk-demo1.iam.gserviceaccount.com~roles/monitoring.metricWriter",
          "schema_version": 0,
          "attributes": {
            "etag": "BwWSTyHwyxY=",
            "id": "jk-demo1/roles/monitoring.metricWriter/serviceaccount:gke-sa@jk-demo1.iam.gserviceaccount.com",
            "member": "serviceAccount:gke-sa@jk-demo1.iam.gserviceaccount.com",
            "project": null,
            "role": "roles/monitoring.metricWriter"
          },
          "private": "bnVsbA=="
        },
        {
          "index_key": "gke-sa@jk-demo1.iam.gserviceaccount.com~roles/monitoring.viewer",
          "schema_version": 0,
          "attributes": {
            "etag": "BwWSTyHwyxY=",
            "id": "jk-demo1/roles/monitoring.viewer/serviceaccount:gke-sa@jk-demo1.iam.gserviceaccount.com",
            "member": "serviceAccount:gke-sa@jk-demo1.iam.gserviceaccount.com",
            "project": null,
            "role": "roles/monitoring.viewer"
          },
          "private": "bnVsbA=="
        },
        {
          "index_key": "gke-sa@jk-demo1.iam.gserviceaccount.com~roles/stackdriver.resourceMetadata.writer",
          "schema_version": 0,
          "attributes": {
            "etag": "BwWSTyHwyxY=",
            "id": "jk-demo1/roles/stackdriver.resourceMetadata.writer/serviceaccount:gke-sa@jk-demo1.iam.gserviceaccount.com",
            "member": "serviceAccount:gke-sa@jk-demo1.iam.gserviceaccount.com",
            "project": null,
            "role": "roles/stackdriver.resourceMetadata.writer"
          },
          "private": "bnVsbA=="
        },
        {
          "index_key": "gke-sa@jk-demo1.iam.gserviceaccount.com~roles/storage.objectViewer",
          "schema_version": 0,
          "attributes": {
            "etag": "BwWSTyHwyxY=",
            "id": "jk-demo1/roles/storage.objectViewer/serviceaccount:gke-sa@jk-demo1.iam.gserviceaccount.com",
            "member": "serviceAccount:gke-sa@jk-demo1.iam.gserviceaccount.com",
            "project": null,
            "role": "roles/storage.objectViewer"
          },
          "private": "bnVsbA=="
        },
        {
          "index_key": "kfp-sa@jk-demo1.iam.gserviceaccount.com~roles/automl.admin",
          "schema_version": 0,
          "attributes": {
            "etag": "BwWSTyHwyxY=",
            "id": "jk-demo1/roles/automl.admin/serviceaccount:kfp-sa@jk-demo1.iam.gserviceaccount.com",
            "member": "serviceAccount:kfp-sa@jk-demo1.iam.gserviceaccount.com",
            "project": null,
            "role": "roles/automl.admin"
          },
          "private": "bnVsbA=="
        },
        {
          "index_key": "kfp-sa@jk-demo1.iam.gserviceaccount.com~roles/automl.predictor",
          "schema_version": 0,
          "attributes": {
            "etag": "BwWSTyHwyxY=",
            "id": "jk-demo1/roles/automl.predictor/serviceaccount:kfp-sa@jk-demo1.iam.gserviceaccount.com",
            "member": "serviceAccount:kfp-sa@jk-demo1.iam.gserviceaccount.com",
            "project": null,
            "role": "roles/automl.predictor"
          },
          "private": "bnVsbA=="
        },
        {
          "index_key": "kfp-sa@jk-demo1.iam.gserviceaccount.com~roles/bigquery.admin",
          "schema_version": 0,
          "attributes": {
            "etag": "BwWSTyHwyxY=",
            "id": "jk-demo1/roles/bigquery.admin/serviceaccount:kfp-sa@jk-demo1.iam.gserviceaccount.com",
            "member": "serviceAccount:kfp-sa@jk-demo1.iam.gserviceaccount.com",
            "project": null,
            "role": "roles/bigquery.admin"
          },
          "private": "bnVsbA=="
        },
        {
          "index_key": "kfp-sa@jk-demo1.iam.gserviceaccount.com~roles/dataflow.admin",
          "schema_version": 0,
          "attributes": {
            "etag": "BwWSTyHwyxY=",
            "id": "jk-demo1/roles/dataflow.admin/serviceaccount:kfp-sa@jk-demo1.iam.gserviceaccount.com",
            "member": "serviceAccount:kfp-sa@jk-demo1.iam.gserviceaccount.com",
            "project": null,
            "role": "roles/dataflow.admin"
          },
          "private": "bnVsbA=="
        },
        {
          "index_key": "kfp-sa@jk-demo1.iam.gserviceaccount.com~roles/ml.admin",
          "schema_version": 0,
          "attributes": {
            "etag": "BwWSTyHwyxY=",
            "id": "jk-demo1/roles/ml.admin/serviceaccount:kfp-sa@jk-demo1.iam.gserviceaccount.com",
            "member": "serviceAccount:kfp-sa@jk-demo1.iam.gserviceaccount.com",
            "project": null,
            "role": "roles/ml.admin"
          },
          "private": "bnVsbA=="
        },
        {
          "index_key": "kfp-sa@jk-demo1.iam.gserviceaccount.com~roles/storage.admin",
          "schema_version": 0,
          "attributes": {
            "etag": "BwWSTyLda0M=",
            "id": "jk-demo1/roles/storage.admin/serviceaccount:kfp-sa@jk-demo1.iam.gserviceaccount.com",
            "member": "serviceAccount:kfp-sa@jk-demo1.iam.gserviceaccount.com",
            "project": null,
            "role": "roles/storage.admin"
          },
          "private": "bnVsbA=="
        }
      ]
    },
    {
      "mode": "managed",
      "type": "google_service_account",
      "name": "service_account",
      "each": "map",
      "provider": "provider.google",
      "instances": [
        {
          "index_key": "gke-sa",
          "schema_version": 0,
          "attributes": {
            "account_id": "gke-sa",
            "display_name": "GKE service account",
            "email": "gke-sa@jk-demo1.iam.gserviceaccount.com",
            "id": "projects/jk-demo1/serviceAccounts/gke-sa@jk-demo1.iam.gserviceaccount.com",
            "name": "projects/jk-demo1/serviceAccounts/gke-sa@jk-demo1.iam.gserviceaccount.com",
            "policy_data": null,
            "project": "jk-demo1",
            "unique_id": "115460714970129209687"
          },
          "private": "bnVsbA=="
        },
        {
          "index_key": "kfp-sa",
          "schema_version": 0,
          "attributes": {
            "account_id": "kfp-sa",
            "display_name": "KFP service account",
            "email": "kfp-sa@jk-demo1.iam.gserviceaccount.com",
            "id": "projects/jk-demo1/serviceAccounts/kfp-sa@jk-demo1.iam.gserviceaccount.com",
            "name": "projects/jk-demo1/serviceAccounts/kfp-sa@jk-demo1.iam.gserviceaccount.com",
            "policy_data": null,
            "project": "jk-demo1",
            "unique_id": "111662740421289011624"
          },
          "private": "bnVsbA=="
        }
      ]
    }
  ]
}
