{
  "version": 4,
  "terraform_version": "0.12.8",
  "serial": 54,
  "lineage": "c87d3d36-8c5b-0133-4666-eed8c1a8cb4c",
  "outputs": {
    "test": {
      "value": {
        "account_id": "sa-test1",
        "display_name": "Test service account",
        "email": "sa-test1@jk-demo1.iam.gserviceaccount.com",
        "id": "projects/jk-demo1/serviceAccounts/sa-test1@jk-demo1.iam.gserviceaccount.com",
        "name": "projects/jk-demo1/serviceAccounts/sa-test1@jk-demo1.iam.gserviceaccount.com",
        "policy_data": null,
        "project": "jk-demo1",
        "unique_id": "103466672577109873159"
      },
      "type": [
        "object",
        {
          "account_id": "string",
          "display_name": "string",
          "email": "string",
          "id": "string",
          "name": "string",
          "policy_data": "string",
          "project": "string",
          "unique_id": "string"
        }
      ]
    }
  },
  "resources": [
    {
      "module": "module.service_account",
      "mode": "managed",
      "type": "google_project_iam_member",
      "name": "role_bindings",
      "each": "map",
      "provider": "provider.google",
      "instances": [
        {
          "index_key": "automl.admin",
          "schema_version": 0,
          "attributes": {
            "etag": "BwWSXgQQeEk=",
            "id": "jk-demo1/roles/automl.admin/serviceaccount:sa-test1@jk-demo1.iam.gserviceaccount.com",
            "member": "serviceAccount:sa-test1@jk-demo1.iam.gserviceaccount.com",
            "project": null,
            "role": "roles/automl.admin"
          },
          "private": "bnVsbA==",
          "depends_on": [
            "google_service_account.service_account"
          ]
        },
        {
          "index_key": "automl.predictor",
          "schema_version": 0,
          "attributes": {
            "etag": "BwWSXgQQeEk=",
            "id": "jk-demo1/roles/automl.predictor/serviceaccount:sa-test1@jk-demo1.iam.gserviceaccount.com",
            "member": "serviceAccount:sa-test1@jk-demo1.iam.gserviceaccount.com",
            "project": null,
            "role": "roles/automl.predictor"
          },
          "private": "bnVsbA==",
          "depends_on": [
            "google_service_account.service_account"
          ]
        },
        {
          "index_key": "bigquery.admin",
          "schema_version": 0,
          "attributes": {
            "etag": "BwWSXgQQeEk=",
            "id": "jk-demo1/roles/bigquery.admin/serviceaccount:sa-test1@jk-demo1.iam.gserviceaccount.com",
            "member": "serviceAccount:sa-test1@jk-demo1.iam.gserviceaccount.com",
            "project": null,
            "role": "roles/bigquery.admin"
          },
          "private": "bnVsbA==",
          "depends_on": [
            "google_service_account.service_account"
          ]
        },
        {
          "index_key": "dataflow.admin",
          "schema_version": 0,
          "attributes": {
            "etag": "BwWSXgQQeEk=",
            "id": "jk-demo1/roles/dataflow.admin/serviceaccount:sa-test1@jk-demo1.iam.gserviceaccount.com",
            "member": "serviceAccount:sa-test1@jk-demo1.iam.gserviceaccount.com",
            "project": null,
            "role": "roles/dataflow.admin"
          },
          "private": "bnVsbA==",
          "depends_on": [
            "google_service_account.service_account"
          ]
        },
        {
          "index_key": "ml.admin",
          "schema_version": 0,
          "attributes": {
            "etag": "BwWSXgQQeEk=",
            "id": "jk-demo1/roles/ml.admin/serviceaccount:sa-test1@jk-demo1.iam.gserviceaccount.com",
            "member": "serviceAccount:sa-test1@jk-demo1.iam.gserviceaccount.com",
            "project": null,
            "role": "roles/ml.admin"
          },
          "private": "bnVsbA==",
          "depends_on": [
            "google_service_account.service_account"
          ]
        },
        {
          "index_key": "storage.admin",
          "schema_version": 0,
          "attributes": {
            "etag": "BwWSXgQQeEk=",
            "id": "jk-demo1/roles/storage.admin/serviceaccount:sa-test1@jk-demo1.iam.gserviceaccount.com",
            "member": "serviceAccount:sa-test1@jk-demo1.iam.gserviceaccount.com",
            "project": null,
            "role": "roles/storage.admin"
          },
          "private": "bnVsbA==",
          "depends_on": [
            "google_service_account.service_account"
          ]
        }
      ]
    },
    {
      "module": "module.service_account",
      "mode": "managed",
      "type": "google_service_account",
      "name": "service_account",
      "provider": "provider.google",
      "instances": [
        {
          "schema_version": 0,
          "attributes": {
            "account_id": "sa-test1",
            "display_name": "Test service account",
            "email": "sa-test1@jk-demo1.iam.gserviceaccount.com",
            "id": "projects/jk-demo1/serviceAccounts/sa-test1@jk-demo1.iam.gserviceaccount.com",
            "name": "projects/jk-demo1/serviceAccounts/sa-test1@jk-demo1.iam.gserviceaccount.com",
            "policy_data": null,
            "project": "jk-demo1",
            "unique_id": "103466672577109873159"
          },
          "private": "bnVsbA=="
        }
      ]
    }
  ]
}
