{
  "version": 4,
  "terraform_version": "0.12.8",
  "serial": 3,
  "lineage": "48eb2490-b602-a678-a765-704aa506bade",
  "outputs": {
    "test1": {
      "value": "kfp-gke-ip-range-pods",
      "type": "string"
    },
    "test2": {
      "value": "kfp-gke-ip-services_pods",
      "type": "string"
    },
    "test3": {
      "value": "google_compute_subnetwork.vpc_subnetwork.name",
      "type": "string"
    }
  },
  "resources": [
    {
      "module": "module.vpc",
      "mode": "managed",
      "type": "google_compute_network",
      "name": "vpc",
      "provider": "provider.google",
      "instances": [
        {
          "schema_version": 0,
          "attributes": {
            "auto_create_subnetworks": false,
            "delete_default_routes_on_create": false,
            "description": "",
            "gateway_ipv4": "",
            "id": "kfp-gke-network",
            "ipv4_range": "",
            "name": "kfp-gke-network",
            "project": "jk-demo1",
            "routing_mode": "REGIONAL",
            "self_link": "https://www.googleapis.com/compute/v1/projects/jk-demo1/global/networks/kfp-gke-network",
            "timeouts": null
          },
          "private": "eyJlMmJmYjczMC1lY2FhLTExZTYtOGY4OC0zNDM2M2JjN2M0YzAiOnsiY3JlYXRlIjoyNDAwMDAwMDAwMDAsImRlbGV0ZSI6MjQwMDAwMDAwMDAwLCJ1cGRhdGUiOjI0MDAwMDAwMDAwMH19"
        }
      ]
    },
    {
      "module": "module.vpc",
      "mode": "managed",
      "type": "google_compute_subnetwork",
      "name": "vpc_subnetwork",
      "provider": "provider.google",
      "instances": [
        {
          "schema_version": 0,
          "attributes": {
            "creation_timestamp": "2019-09-12T12:50:16.725-07:00",
            "description": "",
            "enable_flow_logs": false,
            "fingerprint": "_n4tgmFaPFs=",
            "gateway_address": "10.128.0.1",
            "id": "us-central1/kfp-gke-subnet",
            "ip_cidr_range": "10.128.0.0/20",
            "name": "kfp-gke-subnet",
            "network": "https://www.googleapis.com/compute/v1/projects/jk-demo1/global/networks/kfp-gke-network",
            "private_ip_google_access": false,
            "project": "jk-demo1",
            "region": "us-central1",
            "secondary_ip_range": [
              {
                "ip_cidr_range": "10.12.0.0/20",
                "range_name": "kfp-gke-ip-range-pods"
              },
              {
                "ip_cidr_range": "10.14.0.0/20",
                "range_name": "kfp-gke-ip-range-services"
              }
            ],
            "self_link": "https://www.googleapis.com/compute/v1/projects/jk-demo1/regions/us-central1/subnetworks/kfp-gke-subnet",
            "timeouts": null
          },
          "private": "eyJlMmJmYjczMC1lY2FhLTExZTYtOGY4OC0zNDM2M2JjN2M0YzAiOnsiY3JlYXRlIjozNjAwMDAwMDAwMDAsImRlbGV0ZSI6MzYwMDAwMDAwMDAwLCJ1cGRhdGUiOjM2MDAwMDAwMDAwMH19",
          "depends_on": [
            "google_compute_network.vpc"
          ]
        }
      ]
    }
  ]
}
